
Microsoft Visual Studio Solution File, Format Version 12.00
# Visual Studio 15
VisualStudioVersion = 15.0.28010.2016
MinimumVisualStudioVersion = 10.0.40219.1
Project("{8BC9CEB8-8B4A-11D0-8D11-00A0C91BC942}") = "expletics", "expletics\expletics.vcxproj", "{6AE1243A-4269-4098-B63A-77FA7DFFFAFF}"
EndProject
Global
	GlobalSection(SolutionConfigurationPlatforms) = preSolution
		Debug|x64 = Debug|x64
		Debug|x86 = Debug|x86
		Release|x64 = Release|x64
		Release|x86 = Release|x86
	EndGlobalSection
	GlobalSection(ProjectConfigurationPlatforms) = postSolution
		{6AE1243A-4269-4098-B63A-77FA7DFFFAFF}.Debug|x64.ActiveCfg = Debug|x64
		{6AE1243A-4269-4098-B63A-77FA7DFFFAFF}.Debug|x64.Build.0 = Debug|x64
		{6AE1243A-4269-4098-B63A-77FA7DFFFAFF}.Debug|x86.ActiveCfg = Debug|Win32
		{6AE1243A-4269-4098-B63A-77FA7DFFFAFF}.Debug|x86.Build.0 = Debug|Win32
		{6AE1243A-4269-4098-B63A-77FA7DFFFAFF}.Release|x64.ActiveCfg = Release|x64
		{6AE1243A-4269-4098-B63A-77FA7DFFFAFF}.Release|x64.Build.0 = Release|x64
		{6AE1243A-4269-4098-B63A-77FA7DFFFAFF}.Release|x86.ActiveCfg = Release|Win32
		{6AE1243A-4269-4098-B63A-77FA7DFFFAFF}.Release|x86.Build.0 = Release|Win32
	EndGlobalSection
	GlobalSection(SolutionProperties) = preSolution
		HideSolutionNode = FALSE
	EndGlobalSection
	GlobalSection(ExtensibilityGlobals) = postSolution
		SolutionGuid = {E97B962A-D0D1-4322-92CC-36C9C072070A}
	EndGlobalSection
EndGlobal
