
Microsoft Visual Studio Solution File, Format Version 12.00
# Visual Studio 15
VisualStudioVersion = 15.0.28010.2016
MinimumVisualStudioVersion = 10.0.40219.1
Project("{888888A0-9F3D-457C-B088-3A5042F75D52}") = "tests", "Trending_Modules\tests.pyproj", "{24C51030-8EB2-410C-BB90-B47DD56D5BEB}"
EndProject
Project("{8BC9CEB8-8B4A-11D0-8D11-00A0C91BC942}") = "timeseries", "timeseries\timeseries.vcxproj", "{6AE1243A-4269-4098-B63A-77FA7DFFFAFF}"
EndProject
Global
	GlobalSection(SolutionConfigurationPlatforms) = preSolution
		Debug|Any CPU = Debug|Any CPU
		Debug|x64 = Debug|x64
		Debug|x86 = Debug|x86
		Release|Any CPU = Release|Any CPU
		Release|x64 = Release|x64
		Release|x86 = Release|x86
	EndGlobalSection
	GlobalSection(ProjectConfigurationPlatforms) = postSolution
		{24C51030-8EB2-410C-BB90-B47DD56D5BEB}.Debug|Any CPU.ActiveCfg = Debug|Any CPU
		{24C51030-8EB2-410C-BB90-B47DD56D5BEB}.Debug|x64.ActiveCfg = Debug|Any CPU
		{24C51030-8EB2-410C-BB90-B47DD56D5BEB}.Debug|x86.ActiveCfg = Debug|Any CPU
		{24C51030-8EB2-410C-BB90-B47DD56D5BEB}.Release|Any CPU.ActiveCfg = Release|Any CPU
		{24C51030-8EB2-410C-BB90-B47DD56D5BEB}.Release|x64.ActiveCfg = Release|Any CPU
		{24C51030-8EB2-410C-BB90-B47DD56D5BEB}.Release|x86.ActiveCfg = Release|Any CPU
		{6AE1243A-4269-4098-B63A-77FA7DFFFAFF}.Debug|Any CPU.ActiveCfg = Debug|Win32
		{6AE1243A-4269-4098-B63A-77FA7DFFFAFF}.Debug|x64.ActiveCfg = Debug|x64
		{6AE1243A-4269-4098-B63A-77FA7DFFFAFF}.Debug|x64.Build.0 = Debug|x64
		{6AE1243A-4269-4098-B63A-77FA7DFFFAFF}.Debug|x86.ActiveCfg = Debug|Win32
		{6AE1243A-4269-4098-B63A-77FA7DFFFAFF}.Debug|x86.Build.0 = Debug|Win32
		{6AE1243A-4269-4098-B63A-77FA7DFFFAFF}.Release|Any CPU.ActiveCfg = Release|Win32
		{6AE1243A-4269-4098-B63A-77FA7DFFFAFF}.Release|x64.ActiveCfg = Release|x64
		{6AE1243A-4269-4098-B63A-77FA7DFFFAFF}.Release|x64.Build.0 = Release|x64
		{6AE1243A-4269-4098-B63A-77FA7DFFFAFF}.Release|x86.ActiveCfg = Release|Win32
		{6AE1243A-4269-4098-B63A-77FA7DFFFAFF}.Release|x86.Build.0 = Release|Win32
	EndGlobalSection
	GlobalSection(SolutionProperties) = preSolution
		HideSolutionNode = FALSE
	EndGlobalSection
	GlobalSection(ExtensibilityGlobals) = postSolution
		SolutionGuid = {E97B962A-D0D1-4322-92CC-36C9C072070A}
	EndGlobalSection
EndGlobal
